
Microsoft Visual Studio Solution File, Format Version 12.00
# Visual Studio Version 16
VisualStudioVersion = 16.0.30711.63
MinimumVisualStudioVersion = 10.0.40219.1
Project("{FAE04EC0-301F-11D3-BF4B-00C04F79EFBC}") = "SER.MercadoPago", "SER.MercadoPago.csproj", "{0F39AABD-2ED6-4C56-8A70-D225EDB5B2A3}"
EndProject
Global
	GlobalSection(SolutionConfigurationPlatforms) = preSolution
		Debug|Any CPU = Debug|Any CPU
		Release|Any CPU = Release|Any CPU
	EndGlobalSection
	GlobalSection(ProjectConfigurationPlatforms) = postSolution
		{0F39AABD-2ED6-4C56-8A70-D225EDB5B2A3}.Debug|Any CPU.ActiveCfg = Debug|Any CPU
		{0F39AABD-2ED6-4C56-8A70-D225EDB5B2A3}.Debug|Any CPU.Build.0 = Debug|Any CPU
		{0F39AABD-2ED6-4C56-8A70-D225EDB5B2A3}.Release|Any CPU.ActiveCfg = Release|Any CPU
		{0F39AABD-2ED6-4C56-8A70-D225EDB5B2A3}.Release|Any CPU.Build.0 = Release|Any CPU
	EndGlobalSection
	GlobalSection(SolutionProperties) = preSolution
		HideSolutionNode = FALSE
	EndGlobalSection
	GlobalSection(ExtensibilityGlobals) = postSolution
		SolutionGuid = {3F8022E6-DBD1-4164-8BFE-1F68F0F0C370}
	EndGlobalSection
EndGlobal
